// !$*UTF8*$!
{
	archiveVersion = 1;
	classes = {
	};
	objectVersion = 56;
	objects = {

/* Begin PBXBuildFile section */
		C310788529FF1104003B0340 /* AppDelegate.swift in Sources */ = {isa = PBXBuildFile; fileRef = C310788429FF1104003B0340 /* AppDelegate.swift */; };
		C310788729FF1104003B0340 /* SceneDelegate.swift in Sources */ = {isa = PBXBuildFile; fileRef = C310788629FF1104003B0340 /* SceneDelegate.swift */; };
		C310788929FF1104003B0340 /* ViewController.swift in Sources */ = {isa = PBXBuildFile; fileRef = C310788829FF1104003B0340 /* ViewController.swift */; };
		C310788C29FF1104003B0340 /* Main.storyboard in Resources */ = {isa = PBXBuildFile; fileRef = C310788A29FF1104003B0340 /* Main.storyboard */; };
		C310788E29FF1104003B0340 /* Assets.xcassets in Resources */ = {isa = PBXBuildFile; fileRef = C310788D29FF1104003B0340 /* Assets.xcassets */; };
		C310789129FF1104003B0340 /* LaunchScreen.storyboard in Resources */ = {isa = PBXBuildFile; fileRef = C310788F29FF1104003B0340 /* LaunchScreen.storyboard */; };
		C310789929FF112C003B0340 /* DetailViewcontroller.swift in Sources */ = {isa = PBXBuildFile; fileRef = C310789829FF112C003B0340 /* DetailViewcontroller.swift */; };
		C310789B29FF1580003B0340 /* AnimatorManager.swift in Sources */ = {isa = PBXBuildFile; fileRef = C310789A29FF1580003B0340 /* AnimatorManager.swift */; };
		C310789F29FF189A003B0340 /* UIFromAnimatedViewController.swift in Sources */ = {isa = PBXBuildFile; fileRef = C310789E29FF189A003B0340 /* UIFromAnimatedViewController.swift */; };
		C31078A129FF268D003B0340 /* Detail2ViewController.swift in Sources */ = {isa = PBXBuildFile; fileRef = C31078A029FF268D003B0340 /* Detail2ViewController.swift */; };
/* End PBXBuildFile section */

/* Begin PBXFileReference section */
		C310788129FF1104003B0340 /* transitions_demo.app */ = {isa = PBXFileReference; explicitFileType = wrapper.application; includeInIndex = 0; path = transitions_demo.app; sourceTree = BUILT_PRODUCTS_DIR; };
		C310788429FF1104003B0340 /* AppDelegate.swift */ = {isa = PBXFileReference; lastKnownFileType = sourcecode.swift; path = AppDelegate.swift; sourceTree = "<group>"; };
		C310788629FF1104003B0340 /* SceneDelegate.swift */ = {isa = PBXFileReference; lastKnownFileType = sourcecode.swift; path = SceneDelegate.swift; sourceTree = "<group>"; };
		C310788829FF1104003B0340 /* ViewController.swift */ = {isa = PBXFileReference; lastKnownFileType = sourcecode.swift; path = ViewController.swift; sourceTree = "<group>"; };
		C310788B29FF1104003B0340 /* Base */ = {isa = PBXFileReference; lastKnownFileType = file.storyboard; name = Base; path = Base.lproj/Main.storyboard; sourceTree = "<group>"; };
		C310788D29FF1104003B0340 /* Assets.xcassets */ = {isa = PBXFileReference; lastKnownFileType = folder.assetcatalog; path = Assets.xcassets; sourceTree = "<group>"; };
		C310789029FF1104003B0340 /* Base */ = {isa = PBXFileReference; lastKnownFileType = file.storyboard; name = Base; path = Base.lproj/LaunchScreen.storyboard; sourceTree = "<group>"; };
		C310789229FF1104003B0340 /* Info.plist */ = {isa = PBXFileReference; lastKnownFileType = text.plist.xml; path = Info.plist; sourceTree = "<group>"; };
		C310789829FF112C003B0340 /* DetailViewcontroller.swift */ = {isa = PBXFileReference; lastKnownFileType = sourcecode.swift; path = DetailViewcontroller.swift; sourceTree = "<group>"; };
		C310789A29FF1580003B0340 /* AnimatorManager.swift */ = {isa = PBXFileReference; lastKnownFileType = sourcecode.swift; path = AnimatorManager.swift; sourceTree = "<group>"; };
		C310789E29FF189A003B0340 /* UIFromAnimatedViewController.swift */ = {isa = PBXFileReference; lastKnownFileType = sourcecode.swift; path = UIFromAnimatedViewController.swift; sourceTree = "<group>"; };
		C31078A029FF268D003B0340 /* Detail2ViewController.swift */ = {isa = PBXFileReference; lastKnownFileType = sourcecode.swift; path = Detail2ViewController.swift; sourceTree = "<group>"; };
/* End PBXFileReference section */

/* Begin PBXFrameworksBuildPhase section */
		C310787E29FF1104003B0340 /* Frameworks */ = {
			isa = PBXFrameworksBuildPhase;
			buildActionMask = 2147483647;
			files = (
			);
			runOnlyForDeploymentPostprocessing = 0;
		};
/* End PBXFrameworksBuildPhase section */

/* Begin PBXGroup section */
		C310787829FF1104003B0340 = {
			isa = PBXGroup;
			children = (
				C310788329FF1104003B0340 /* transitions_demo */,
				C310788229FF1104003B0340 /* Products */,
			);
			sourceTree = "<group>";
		};
		C310788229FF1104003B0340 /* Products */ = {
			isa = PBXGroup;
			children = (
				C310788129FF1104003B0340 /* transitions_demo.app */,
			);
			name = Products;
			sourceTree = "<group>";
		};
		C310788329FF1104003B0340 /* transitions_demo */ = {
			isa = PBXGroup;
			children = (
				C310788429FF1104003B0340 /* AppDelegate.swift */,
				C310788629FF1104003B0340 /* SceneDelegate.swift */,
				C310789829FF112C003B0340 /* DetailViewcontroller.swift */,
				C310788829FF1104003B0340 /* ViewController.swift */,
				C310788A29FF1104003B0340 /* Main.storyboard */,
				C310788D29FF1104003B0340 /* Assets.xcassets */,
				C310788F29FF1104003B0340 /* LaunchScreen.storyboard */,
				C310789229FF1104003B0340 /* Info.plist */,
				C310789A29FF1580003B0340 /* AnimatorManager.swift */,
				C310789E29FF189A003B0340 /* UIFromAnimatedViewController.swift */,
				C31078A029FF268D003B0340 /* Detail2ViewController.swift */,
			);
			path = transitions_demo;
			sourceTree = "<group>";
		};
/* End PBXGroup section */

/* Begin PBXNativeTarget section */
		C310788029FF1104003B0340 /* transitions_demo */ = {
			isa = PBXNativeTarget;
			buildConfigurationList = C310789529FF1104003B0340 /* Build configuration list for PBXNativeTarget "transitions_demo" */;
			buildPhases = (
				C310787D29FF1104003B0340 /* Sources */,
				C310787E29FF1104003B0340 /* Frameworks */,
				C310787F29FF1104003B0340 /* Resources */,
			);
			buildRules = (
			);
			dependencies = (
			);
			name = transitions_demo;
			productName = transitions_demo;
			productReference = C310788129FF1104003B0340 /* transitions_demo.app */;
			productType = "com.apple.product-type.application";
		};
/* End PBXNativeTarget section */

/* Begin PBXProject section */
		C310787929FF1104003B0340 /* Project object */ = {
			isa = PBXProject;
			attributes = {
				BuildIndependentTargetsInParallel = 1;
				LastSwiftUpdateCheck = 1420;
				LastUpgradeCheck = 1420;
				TargetAttributes = {
					C310788029FF1104003B0340 = {
						CreatedOnToolsVersion = 14.2;
					};
				};
			};
			buildConfigurationList = C310787C29FF1104003B0340 /* Build configuration list for PBXProject "transitions_demo" */;
			compatibilityVersion = "Xcode 14.0";
			developmentRegion = en;
			hasScannedForEncodings = 0;
			knownRegions = (
				en,
				Base,
			);
			mainGroup = C310787829FF1104003B0340;
			productRefGroup = C310788229FF1104003B0340 /* Products */;
			projectDirPath = "";
			projectRoot = "";
			targets = (
				C310788029FF1104003B0340 /* transitions_demo */,
			);
		};
/* End PBXProject section */

/* Begin PBXResourcesBuildPhase section */
		C310787F29FF1104003B0340 /* Resources */ = {
			isa = PBXResourcesBuildPhase;
			buildActionMask = 2147483647;
			files = (
				C310789129FF1104003B0340 /* LaunchScreen.storyboard in Resources */,
				C310788E29FF1104003B0340 /* Assets.xcassets in Resources */,
				C310788C29FF1104003B0340 /* Main.storyboard in Resources */,
			);
			runOnlyForDeploymentPostprocessing = 0;
		};
/* End PBXResourcesBuildPhase section */

/* Begin PBXSourcesBuildPhase section */
		C310787D29FF1104003B0340 /* Sources */ = {
			isa = PBXSourcesBuildPhase;
			buildActionMask = 2147483647;
			files = (
				C310788929FF1104003B0340 /* ViewController.swift in Sources */,
				C310789B29FF1580003B0340 /* AnimatorManager.swift in Sources */,
				C31078A129FF268D003B0340 /* Detail2ViewController.swift in Sources */,
				C310788529FF1104003B0340 /* AppDelegate.swift in Sources */,
				C310789F29FF189A003B0340 /* UIFromAnimatedViewController.swift in Sources */,
				C310788729FF1104003B0340 /* SceneDelegate.swift in Sources */,
				C310789929FF112C003B0340 /* DetailViewcontroller.swift in Sources */,
			);
			runOnlyForDeploymentPostprocessing = 0;
		};
/* End PBXSourcesBuildPhase section */

/* Begin PBXVariantGroup section */
		C310788A29FF1104003B0340 /* Main.storyboard */ = {
			isa = PBXVariantGroup;
			children = (
				C310788B29FF1104003B0340 /* Base */,
			);
			name = Main.storyboard;
			sourceTree = "<group>";
		};
		C310788F29FF1104003B0340 /* LaunchScreen.storyboard */ = {
			isa = PBXVariantGroup;
			children = (
				C310789029FF1104003B0340 /* Base */,
			);
			name = LaunchScreen.storyboard;
			sourceTree = "<group>";
		};
/* End PBXVariantGroup section */

/* Begin XCBuildConfiguration section */
		C310789329FF1104003B0340 /* Debug */ = {
			isa = XCBuildConfiguration;
			buildSettings = {
				ALWAYS_SEARCH_USER_PATHS = NO;
				CLANG_ANALYZER_NONNULL = YES;
				CLANG_ANALYZER_NUMBER_OBJECT_CONVERSION = YES_AGGRESSIVE;
				CLANG_CXX_LANGUAGE_STANDARD = "gnu++20";
				CLANG_ENABLE_MODULES = YES;
				CLANG_ENABLE_OBJC_ARC = YES;
				CLANG_ENABLE_OBJC_WEAK = YES;
				CLANG_WARN_BLOCK_CAPTURE_AUTORELEASING = YES;
				CLANG_WARN_BOOL_CONVERSION = YES;
				CLANG_WARN_COMMA = YES;
				CLANG_WARN_CONSTANT_CONVERSION = YES;
				CLANG_WARN_DEPRECATED_OBJC_IMPLEMENTATIONS = YES;
				CLANG_WARN_DIRECT_OBJC_ISA_USAGE = YES_ERROR;
				CLANG_WARN_DOCUMENTATION_COMMENTS = YES;
				CLANG_WARN_EMPTY_BODY = YES;
				CLANG_WARN_ENUM_CONVERSION = YES;
				CLANG_WARN_INFINITE_RECURSION = YES;
				CLANG_WARN_INT_CONVERSION = YES;
				CLANG_WARN_NON_LITERAL_NULL_CONVERSION = YES;
				CLANG_WARN_OBJC_IMPLICIT_RETAIN_SELF = YES;
				CLANG_WARN_OBJC_LITERAL_CONVERSION = YES;
				CLANG_WARN_OBJC_ROOT_CLASS = YES_ERROR;
				CLANG_WARN_QUOTED_INCLUDE_IN_FRAMEWORK_HEADER = YES;
				CLANG_WARN_RANGE_LOOP_ANALYSIS = YES;
				CLANG_WARN_STRICT_PROTOTYPES = YES;
				CLANG_WARN_SUSPICIOUS_MOVE = YES;
				CLANG_WARN_UNGUARDED_AVAILABILITY = YES_AGGRESSIVE;
				CLANG_WARN_UNREACHABLE_CODE = YES;
				CLANG_WARN__DUPLICATE_METHOD_MATCH = YES;
				COPY_PHASE_STRIP = NO;
				DEBUG_INFORMATION_FORMAT = dwarf;
				ENABLE_STRICT_OBJC_MSGSEND = YES;
				ENABLE_TESTABILITY = YES;
				GCC_C_LANGUAGE_STANDARD = gnu11;
				GCC_DYNAMIC_NO_PIC = NO;
				GCC_NO_COMMON_BLOCKS = YES;
				GCC_OPTIMIZATION_LEVEL = 0;
				GCC_PREPROCESSOR_DEFINITIONS = (
					"DEBUG=1",
					"$(inherited)",
				);
				GCC_WARN_64_TO_32_BIT_CONVERSION = YES;
				GCC_WARN_ABOUT_RETURN_TYPE = YES_ERROR;
				GCC_WARN_UNDECLARED_SELECTOR = YES;
				GCC_WARN_UNINITIALIZED_AUTOS = YES_AGGRESSIVE;
				GCC_WARN_UNUSED_FUNCTION = YES;
				GCC_WARN_UNUSED_VARIABLE = YES;
				IPHONEOS_DEPLOYMENT_TARGET = 16.2;
				MTL_ENABLE_DEBUG_INFO = INCLUDE_SOURCE;
				MTL_FAST_MATH = YES;
				ONLY_ACTIVE_ARCH = YES;
				SDKROOT = iphoneos;
				SWIFT_ACTIVE_COMPILATION_CONDITIONS = DEBUG;
				SWIFT_OPTIMIZATION_LEVEL = "-Onone";
			};
			name = Debug;
		};
		C310789429FF1104003B0340 /* Release */ = {
			isa = XCBuildConfiguration;
			buildSettings = {
				ALWAYS_SEARCH_USER_PATHS = NO;
				CLANG_ANALYZER_NONNULL = YES;
				CLANG_ANALYZER_NUMBER_OBJECT_CONVERSION = YES_AGGRESSIVE;
				CLANG_CXX_LANGUAGE_STANDARD = "gnu++20";
				CLANG_ENABLE_MODULES = YES;
				CLANG_ENABLE_OBJC_ARC = YES;
				CLANG_ENABLE_OBJC_WEAK = YES;
				CLANG_WARN_BLOCK_CAPTURE_AUTORELEASING = YES;
				CLANG_WARN_BOOL_CONVERSION = YES;
				CLANG_WARN_COMMA = YES;
				CLANG_WARN_CONSTANT_CONVERSION = YES;
				CLANG_WARN_DEPRECATED_OBJC_IMPLEMENTATIONS = YES;
				CLANG_WARN_DIRECT_OBJC_ISA_USAGE = YES_ERROR;
				CLANG_WARN_DOCUMENTATION_COMMENTS = YES;
				CLANG_WARN_EMPTY_BODY = YES;
				CLANG_WARN_ENUM_CONVERSION = YES;
				CLANG_WARN_INFINITE_RECURSION = YES;
				CLANG_WARN_INT_CONVERSION = YES;
				CLANG_WARN_NON_LITERAL_NULL_CONVERSION = YES;
				CLANG_WARN_OBJC_IMPLICIT_RETAIN_SELF = YES;
				CLANG_WARN_OBJC_LITERAL_CONVERSION = YES;
				CLANG_WARN_OBJC_ROOT_CLASS = YES_ERROR;
				CLANG_WARN_QUOTED_INCLUDE_IN_FRAMEWORK_HEADER = YES;
				CLANG_WARN_RANGE_LOOP_ANALYSIS = YES;
				CLANG_WARN_STRICT_PROTOTYPES = YES;
				CLANG_WARN_SUSPICIOUS_MOVE = YES;
				CLANG_WARN_UNGUARDED_AVAILABILITY = YES_AGGRESSIVE;
				CLANG_WARN_UNREACHABLE_CODE = YES;
				CLANG_WARN__DUPLICATE_METHOD_MATCH = YES;
				COPY_PHASE_STRIP = NO;
				DEBUG_INFORMATION_FORMAT = "dwarf-with-dsym";
				ENABLE_NS_ASSERTIONS = NO;
				ENABLE_STRICT_OBJC_MSGSEND = YES;
				GCC_C_LANGUAGE_STANDARD = gnu11;
				GCC_NO_COMMON_BLOCKS = YES;
				GCC_WARN_64_TO_32_BIT_CONVERSION = YES;
				GCC_WARN_ABOUT_RETURN_TYPE = YES_ERROR;
				GCC_WARN_UNDECLARED_SELECTOR = YES;
				GCC_WARN_UNINITIALIZED_AUTOS = YES_AGGRESSIVE;
				GCC_WARN_UNUSED_FUNCTION = YES;
				GCC_WARN_UNUSED_VARIABLE = YES;
				IPHONEOS_DEPLOYMENT_TARGET = 16.2;
				MTL_ENABLE_DEBUG_INFO = NO;
				MTL_FAST_MATH = YES;
				SDKROOT = iphoneos;
				SWIFT_COMPILATION_MODE = wholemodule;
				SWIFT_OPTIMIZATION_LEVEL = "-O";
				VALIDATE_PRODUCT = YES;
			};
			name = Release;
		};
		C310789629FF1104003B0340 /* Debug */ = {
			isa = XCBuildConfiguration;
			buildSettings = {
				ASSETCATALOG_COMPILER_APPICON_NAME = AppIcon;
				ASSETCATALOG_COMPILER_GLOBAL_ACCENT_COLOR_NAME = AccentColor;
				CODE_SIGN_STYLE = Automatic;
				CURRENT_PROJECT_VERSION = 1;
				DEVELOPMENT_TEAM = 9P74L4GXWB;
				GENERATE_INFOPLIST_FILE = YES;
				INFOPLIST_FILE = transitions_demo/Info.plist;
				INFOPLIST_KEY_UIApplicationSupportsIndirectInputEvents = YES;
				INFOPLIST_KEY_UILaunchStoryboardName = LaunchScreen;
				INFOPLIST_KEY_UIMainStoryboardFile = Main;
				INFOPLIST_KEY_UISupportedInterfaceOrientations_iPad = "UIInterfaceOrientationPortrait UIInterfaceOrientationPortraitUpsideDown UIInterfaceOrientationLandscapeLeft UIInterfaceOrientationLandscapeRight";
				INFOPLIST_KEY_UISupportedInterfaceOrientations_iPhone = "UIInterfaceOrientationPortrait UIInterfaceOrientationLandscapeLeft UIInterfaceOrientationLandscapeRight";
				LD_RUNPATH_SEARCH_PATHS = (
					"$(inherited)",
					"@executable_path/Frameworks",
				);
				MARKETING_VERSION = 1.0;
				PRODUCT_BUNDLE_IDENTIFIER = "com.dukena.transitions-demo";
				PRODUCT_NAME = "$(TARGET_NAME)";
				SWIFT_EMIT_LOC_STRINGS = YES;
				SWIFT_VERSION = 5.0;
				TARGETED_DEVICE_FAMILY = "1,2";
			};
			name = Debug;
		};
		C310789729FF1104003B0340 /* Release */ = {
			isa = XCBuildConfiguration;
			buildSettings = {
				ASSETCATALOG_COMPILER_APPICON_NAME = AppIcon;
				ASSETCATALOG_COMPILER_GLOBAL_ACCENT_COLOR_NAME = AccentColor;
				CODE_SIGN_STYLE = Automatic;
				CURRENT_PROJECT_VERSION = 1;
				DEVELOPMENT_TEAM = 9P74L4GXWB;
				GENERATE_INFOPLIST_FILE = YES;
				INFOPLIST_FILE = transitions_demo/Info.plist;
				INFOPLIST_KEY_UIApplicationSupportsIndirectInputEvents = YES;
				INFOPLIST_KEY_UILaunchStoryboardName = LaunchScreen;
				INFOPLIST_KEY_UIMainStoryboardFile = Main;
				INFOPLIST_KEY_UISupportedInterfaceOrientations_iPad = "UIInterfaceOrientationPortrait UIInterfaceOrientationPortraitUpsideDown UIInterfaceOrientationLandscapeLeft UIInterfaceOrientationLandscapeRight";
				INFOPLIST_KEY_UISupportedInterfaceOrientations_iPhone = "UIInterfaceOrientationPortrait UIInterfaceOrientationLandscapeLeft UIInterfaceOrientationLandscapeRight";
				LD_RUNPATH_SEARCH_PATHS = (
					"$(inherited)",
					"@executable_path/Frameworks",
				);
				MARKETING_VERSION = 1.0;
				PRODUCT_BUNDLE_IDENTIFIER = "com.dukena.transitions-demo";
				PRODUCT_NAME = "$(TARGET_NAME)";
				SWIFT_EMIT_LOC_STRINGS = YES;
				SWIFT_VERSION = 5.0;
				TARGETED_DEVICE_FAMILY = "1,2";
			};
			name = Release;
		};
/* End XCBuildConfiguration section */

/* Begin XCConfigurationList section */
		C310787C29FF1104003B0340 /* Build configuration list for PBXProject "transitions_demo" */ = {
			isa = XCConfigurationList;
			buildConfigurations = (
				C310789329FF1104003B0340 /* Debug */,
				C310789429FF1104003B0340 /* Release */,
			);
			defaultConfigurationIsVisible = 0;
			defaultConfigurationName = Release;
		};
		C310789529FF1104003B0340 /* Build configuration list for PBXNativeTarget "transitions_demo" */ = {
			isa = XCConfigurationList;
			buildConfigurations = (
				C310789629FF1104003B0340 /* Debug */,
				C310789729FF1104003B0340 /* Release */,
			);
			defaultConfigurationIsVisible = 0;
			defaultConfigurationName = Release;
		};
/* End XCConfigurationList section */
	};
	rootObject = C310787929FF1104003B0340 /* Project object */;
}
